
Microsoft Visual Studio Solution File, Format Version 12.00
# Visual Studio Version 16
VisualStudioVersion = 16.0.30517.126
MinimumVisualStudioVersion = 10.0.40219.1
Project("{FAE04EC0-301F-11D3-BF4B-00C04F79EFBC}") = "PhoneBook", "PhoneBook.csproj", "{AEC413A3-0F76-4F9E-9661-841D6834FB6A}"
EndProject
Global
	GlobalSection(SolutionConfigurationPlatforms) = preSolution
		Debug|Any CPU = Debug|Any CPU
		Release|Any CPU = Release|Any CPU
	EndGlobalSection
	GlobalSection(ProjectConfigurationPlatforms) = postSolution
		{AEC413A3-0F76-4F9E-9661-841D6834FB6A}.Debug|Any CPU.ActiveCfg = Debug|Any CPU
		{AEC413A3-0F76-4F9E-9661-841D6834FB6A}.Debug|Any CPU.Build.0 = Debug|Any CPU
		{AEC413A3-0F76-4F9E-9661-841D6834FB6A}.Release|Any CPU.ActiveCfg = Release|Any CPU
		{AEC413A3-0F76-4F9E-9661-841D6834FB6A}.Release|Any CPU.Build.0 = Release|Any CPU
	EndGlobalSection
	GlobalSection(SolutionProperties) = preSolution
		HideSolutionNode = FALSE
	EndGlobalSection
	GlobalSection(ExtensibilityGlobals) = postSolution
		SolutionGuid = {A30C6DB6-044E-4B21-BB14-8FF01A8A7F55}
	EndGlobalSection
EndGlobal
